
Microsoft Visual Studio Solution File, Format Version 12.00
# Visual Studio Version 17
VisualStudioVersion = 17.0.31903.59
MinimumVisualStudioVersion = 10.0.40219.1
Project("{FAE04EC0-301F-11D3-BF4B-00C04F79EFBC}") = "CloudRunTest.Web", "CloudRunTest.Web\CloudRunTest.Web.csproj", "{DBD3BE23-4011-4048-915D-24C9C5D4AFBC}"
EndProject
Global
	GlobalSection(SolutionConfigurationPlatforms) = preSolution
		Debug|Any CPU = Debug|Any CPU
		Release|Any CPU = Release|Any CPU
	EndGlobalSection
	GlobalSection(SolutionProperties) = preSolution
		HideSolutionNode = FALSE
	EndGlobalSection
	GlobalSection(ProjectConfigurationPlatforms) = postSolution
		{DBD3BE23-4011-4048-915D-24C9C5D4AFBC}.Debug|Any CPU.ActiveCfg = Debug|Any CPU
		{DBD3BE23-4011-4048-915D-24C9C5D4AFBC}.Debug|Any CPU.Build.0 = Debug|Any CPU
		{DBD3BE23-4011-4048-915D-24C9C5D4AFBC}.Release|Any CPU.ActiveCfg = Release|Any CPU
		{DBD3BE23-4011-4048-915D-24C9C5D4AFBC}.Release|Any CPU.Build.0 = Release|Any CPU
	EndGlobalSection
EndGlobal
Project("{2150E333-8FDC-42A3-9474-1A3956D46DE8}") = "Solution Files", "Solution Files", "{A769F933-E940-495B-8695-07E079EE03D1}"
	ProjectSection(SolutionItems) = preProject
		.dockerignore = .dockerignore
		.editorconfig = .editorconfig
		.gitattributes = .gitattributes
		.gitignore = .gitignore
		.umbraco = .umbraco
		NuGet.config = NuGet.config
		Readme.md = Readme.md
		Subscriber_Dockerfile = Subscriber_Dockerfile
		CloudRunTest.Web\umbraco-cloud.json = CloudRunTest.Web\umbraco-cloud.json
	EndProjectSection
EndProject
